// !$*UTF8*$!
{
	archiveVersion = 1;
	classes = {
	};
	objectVersion = 50;
	objects = {

/* Begin PBXBuildFile section */
		2422D4C524DE67A70055EE3B /* Gintama.aiff in Resources */ = {isa = PBXBuildFile; fileRef = 2422D4C424DE67A70055EE3B /* Gintama.aiff */; };
		244B4E9D24B330250027A3FB /* addTimeTVC.swift in Sources */ = {isa = PBXBuildFile; fileRef = 244B4E9C24B330250027A3FB /* addTimeTVC.swift */; };
		245C654824C0595800D480C4 /* timerPageTVC.swift in Sources */ = {isa = PBXBuildFile; fileRef = 245C654724C0595800D480C4 /* timerPageTVC.swift */; };
		245C654A24C05B1500D480C4 /* timerPageTableViewCell.swift in Sources */ = {isa = PBXBuildFile; fileRef = 245C654924C05B1500D480C4 /* timerPageTableViewCell.swift */; };
		2479D471253082C500F3965E /* dayContantTVC.swift in Sources */ = {isa = PBXBuildFile; fileRef = 2479D470253082C500F3965E /* dayContantTVC.swift */; };
		2479D4732530830B00F3965E /* addDayTVC.swift in Sources */ = {isa = PBXBuildFile; fileRef = 2479D4722530830B00F3965E /* addDayTVC.swift */; };
		2489D9762530B9EF00DA96CF /* dayTableViewController.swift in Sources */ = {isa = PBXBuildFile; fileRef = 2489D9752530B9EF00DA96CF /* dayTableViewController.swift */; };
		2489D9782530BA6500DA96CF /* dayPageTableViewCell.swift in Sources */ = {isa = PBXBuildFile; fileRef = 2489D9772530BA6500DA96CF /* dayPageTableViewCell.swift */; };
		24AF73D624B17D0400B7360D /* AppDelegate.swift in Sources */ = {isa = PBXBuildFile; fileRef = 24AF73D524B17D0400B7360D /* AppDelegate.swift */; };
		24AF73D824B17D0400B7360D /* SceneDelegate.swift in Sources */ = {isa = PBXBuildFile; fileRef = 24AF73D724B17D0400B7360D /* SceneDelegate.swift */; };
		24AF73DD24B17D0400B7360D /* Main.storyboard in Resources */ = {isa = PBXBuildFile; fileRef = 24AF73DB24B17D0400B7360D /* Main.storyboard */; };
		24AF73E024B17D0400B7360D /* LIFE_MARK.xcdatamodeld in Sources */ = {isa = PBXBuildFile; fileRef = 24AF73DE24B17D0400B7360D /* LIFE_MARK.xcdatamodeld */; };
		24AF73E524B17D0500B7360D /* LaunchScreen.storyboard in Resources */ = {isa = PBXBuildFile; fileRef = 24AF73E324B17D0500B7360D /* LaunchScreen.storyboard */; };
		24B58B6D250C7E44007FFDBA /* Assets.xcassets in Resources */ = {isa = PBXBuildFile; fileRef = 24B58B6C250C7E44007FFDBA /* Assets.xcassets */; };
		24CCB20F24D572E700C6B46C /* timeContentTVC.swift in Sources */ = {isa = PBXBuildFile; fileRef = 24CCB20E24D572E700C6B46C /* timeContentTVC.swift */; };
		24E1025F24B19C06007F68B4 /* colorExtention.swift in Sources */ = {isa = PBXBuildFile; fileRef = 24E1025E24B19C06007F68B4 /* colorExtention.swift */; };
/* End PBXBuildFile section */

/* Begin PBXFileReference section */
		2422D4C424DE67A70055EE3B /* Gintama.aiff */ = {isa = PBXFileReference; lastKnownFileType = audio.aiff; path = Gintama.aiff; sourceTree = "<group>"; };
		244B4E9C24B330250027A3FB /* addTimeTVC.swift */ = {isa = PBXFileReference; lastKnownFileType = sourcecode.swift; path = addTimeTVC.swift; sourceTree = "<group>"; };
		245C654724C0595800D480C4 /* timerPageTVC.swift */ = {isa = PBXFileReference; lastKnownFileType = sourcecode.swift; path = timerPageTVC.swift; sourceTree = "<group>"; };
		245C654924C05B1500D480C4 /* timerPageTableViewCell.swift */ = {isa = PBXFileReference; lastKnownFileType = sourcecode.swift; path = timerPageTableViewCell.swift; sourceTree = "<group>"; };
		2479D470253082C500F3965E /* dayContantTVC.swift */ = {isa = PBXFileReference; lastKnownFileType = sourcecode.swift; path = dayContantTVC.swift; sourceTree = "<group>"; };
		2479D4722530830B00F3965E /* addDayTVC.swift */ = {isa = PBXFileReference; lastKnownFileType = sourcecode.swift; path = addDayTVC.swift; sourceTree = "<group>"; };
		2489D9752530B9EF00DA96CF /* dayTableViewController.swift */ = {isa = PBXFileReference; lastKnownFileType = sourcecode.swift; path = dayTableViewController.swift; sourceTree = "<group>"; };
		2489D9772530BA6500DA96CF /* dayPageTableViewCell.swift */ = {isa = PBXFileReference; lastKnownFileType = sourcecode.swift; path = dayPageTableViewCell.swift; sourceTree = "<group>"; };
		24AF73D224B17D0400B7360D /* LIFE MARK.app */ = {isa = PBXFileReference; explicitFileType = wrapper.application; includeInIndex = 0; path = "LIFE MARK.app"; sourceTree = BUILT_PRODUCTS_DIR; };
		24AF73D524B17D0400B7360D /* AppDelegate.swift */ = {isa = PBXFileReference; lastKnownFileType = sourcecode.swift; path = AppDelegate.swift; sourceTree = "<group>"; };
		24AF73D724B17D0400B7360D /* SceneDelegate.swift */ = {isa = PBXFileReference; lastKnownFileType = sourcecode.swift; path = SceneDelegate.swift; sourceTree = "<group>"; };
		24AF73DC24B17D0400B7360D /* Base */ = {isa = PBXFileReference; lastKnownFileType = file.storyboard; name = Base; path = Base.lproj/Main.storyboard; sourceTree = "<group>"; };
		24AF73DF24B17D0400B7360D /* LIFE_MARK.xcdatamodel */ = {isa = PBXFileReference; lastKnownFileType = wrapper.xcdatamodel; path = LIFE_MARK.xcdatamodel; sourceTree = "<group>"; };
		24AF73E424B17D0500B7360D /* Base */ = {isa = PBXFileReference; lastKnownFileType = file.storyboard; name = Base; path = Base.lproj/LaunchScreen.storyboard; sourceTree = "<group>"; };
		24AF73E624B17D0500B7360D /* Info.plist */ = {isa = PBXFileReference; lastKnownFileType = text.plist.xml; path = Info.plist; sourceTree = "<group>"; };
		24B58B6C250C7E44007FFDBA /* Assets.xcassets */ = {isa = PBXFileReference; lastKnownFileType = folder.assetcatalog; path = Assets.xcassets; sourceTree = "<group>"; };
		24CCB20E24D572E700C6B46C /* timeContentTVC.swift */ = {isa = PBXFileReference; lastKnownFileType = sourcecode.swift; path = timeContentTVC.swift; sourceTree = "<group>"; };
		24E1025E24B19C06007F68B4 /* colorExtention.swift */ = {isa = PBXFileReference; lastKnownFileType = sourcecode.swift; path = colorExtention.swift; sourceTree = "<group>"; };
/* End PBXFileReference section */

/* Begin PBXFrameworksBuildPhase section */
		24AF73CF24B17D0400B7360D /* Frameworks */ = {
			isa = PBXFrameworksBuildPhase;
			buildActionMask = 2147483647;
			files = (
			);
			runOnlyForDeploymentPostprocessing = 0;
		};
/* End PBXFrameworksBuildPhase section */

/* Begin PBXGroup section */
		24809C1824B1F3E800D8F9B2 /* Model */ = {
			isa = PBXGroup;
			children = (
				24AF73DE24B17D0400B7360D /* LIFE_MARK.xcdatamodeld */,
			);
			path = Model;
			sourceTree = "<group>";
		};
		24AF73C924B17D0400B7360D = {
			isa = PBXGroup;
			children = (
				24AF73D424B17D0400B7360D /* LIFE MARK */,
				24AF73D324B17D0400B7360D /* Products */,
			);
			sourceTree = "<group>";
		};
		24AF73D324B17D0400B7360D /* Products */ = {
			isa = PBXGroup;
			children = (
				24AF73D224B17D0400B7360D /* LIFE MARK.app */,
			);
			name = Products;
			sourceTree = "<group>";
		};
		24AF73D424B17D0400B7360D /* LIFE MARK */ = {
			isa = PBXGroup;
			children = (
				24AF73D524B17D0400B7360D /* AppDelegate.swift */,
				24AF73D724B17D0400B7360D /* SceneDelegate.swift */,
				24AF73DB24B17D0400B7360D /* Main.storyboard */,
				24B58B6C250C7E44007FFDBA /* Assets.xcassets */,
				24AF73E324B17D0500B7360D /* LaunchScreen.storyboard */,
				2422D4C424DE67A70055EE3B /* Gintama.aiff */,
				24AF73E624B17D0500B7360D /* Info.plist */,
				24809C1824B1F3E800D8F9B2 /* Model */,
				24E1026524B1A1F5007F68B4 /* View */,
				24E1026024B19D83007F68B4 /* controller */,
				24E1025D24B19BD7007F68B4 /* Extension */,
			);
			path = "LIFE MARK";
			sourceTree = "<group>";
		};
		24E1025D24B19BD7007F68B4 /* Extension */ = {
			isa = PBXGroup;
			children = (
				24E1025E24B19C06007F68B4 /* colorExtention.swift */,
			);
			path = Extension;
			sourceTree = "<group>";
		};
		24E1026024B19D83007F68B4 /* controller */ = {
			isa = PBXGroup;
			children = (
				245C654724C0595800D480C4 /* timerPageTVC.swift */,
				244B4E9C24B330250027A3FB /* addTimeTVC.swift */,
				24CCB20E24D572E700C6B46C /* timeContentTVC.swift */,
				2489D9752530B9EF00DA96CF /* dayTableViewController.swift */,
				2479D4722530830B00F3965E /* addDayTVC.swift */,
				2479D470253082C500F3965E /* dayContantTVC.swift */,
			);
			path = controller;
			sourceTree = "<group>";
		};
		24E1026524B1A1F5007F68B4 /* View */ = {
			isa = PBXGroup;
			children = (
				245C654924C05B1500D480C4 /* timerPageTableViewCell.swift */,
				2489D9772530BA6500DA96CF /* dayPageTableViewCell.swift */,
			);
			path = View;
			sourceTree = "<group>";
		};
/* End PBXGroup section */

/* Begin PBXNativeTarget section */
		24AF73D124B17D0400B7360D /* LIFE MARK */ = {
			isa = PBXNativeTarget;
			buildConfigurationList = 24AF73E924B17D0500B7360D /* Build configuration list for PBXNativeTarget "LIFE MARK" */;
			buildPhases = (
				24AF73CE24B17D0400B7360D /* Sources */,
				24AF73CF24B17D0400B7360D /* Frameworks */,
				24AF73D024B17D0400B7360D /* Resources */,
			);
			buildRules = (
			);
			dependencies = (
			);
			name = "LIFE MARK";
			productName = "LIFE MARK";
			productReference = 24AF73D224B17D0400B7360D /* LIFE MARK.app */;
			productType = "com.apple.product-type.application";
		};
/* End PBXNativeTarget section */

/* Begin PBXProject section */
		24AF73CA24B17D0400B7360D /* Project object */ = {
			isa = PBXProject;
			attributes = {
				LastSwiftUpdateCheck = 1120;
				LastUpgradeCheck = 1120;
				ORGANIZATIONNAME = Steven;
				TargetAttributes = {
					24AF73D124B17D0400B7360D = {
						CreatedOnToolsVersion = 11.2.1;
					};
				};
			};
			buildConfigurationList = 24AF73CD24B17D0400B7360D /* Build configuration list for PBXProject "LIFE MARK" */;
			compatibilityVersion = "Xcode 9.3";
			developmentRegion = en;
			hasScannedForEncodings = 0;
			knownRegions = (
				en,
				Base,
			);
			mainGroup = 24AF73C924B17D0400B7360D;
			productRefGroup = 24AF73D324B17D0400B7360D /* Products */;
			projectDirPath = "";
			projectRoot = "";
			targets = (
				24AF73D124B17D0400B7360D /* LIFE MARK */,
			);
		};
/* End PBXProject section */

/* Begin PBXResourcesBuildPhase section */
		24AF73D024B17D0400B7360D /* Resources */ = {
			isa = PBXResourcesBuildPhase;
			buildActionMask = 2147483647;
			files = (
				24AF73E524B17D0500B7360D /* LaunchScreen.storyboard in Resources */,
				2422D4C524DE67A70055EE3B /* Gintama.aiff in Resources */,
				24B58B6D250C7E44007FFDBA /* Assets.xcassets in Resources */,
				24AF73DD24B17D0400B7360D /* Main.storyboard in Resources */,
			);
			runOnlyForDeploymentPostprocessing = 0;
		};
/* End PBXResourcesBuildPhase section */

/* Begin PBXSourcesBuildPhase section */
		24AF73CE24B17D0400B7360D /* Sources */ = {
			isa = PBXSourcesBuildPhase;
			buildActionMask = 2147483647;
			files = (
				2479D471253082C500F3965E /* dayContantTVC.swift in Sources */,
				245C654A24C05B1500D480C4 /* timerPageTableViewCell.swift in Sources */,
				244B4E9D24B330250027A3FB /* addTimeTVC.swift in Sources */,
				2489D9762530B9EF00DA96CF /* dayTableViewController.swift in Sources */,
				24E1025F24B19C06007F68B4 /* colorExtention.swift in Sources */,
				2479D4732530830B00F3965E /* addDayTVC.swift in Sources */,
				24CCB20F24D572E700C6B46C /* timeContentTVC.swift in Sources */,
				24AF73E024B17D0400B7360D /* LIFE_MARK.xcdatamodeld in Sources */,
				24AF73D624B17D0400B7360D /* AppDelegate.swift in Sources */,
				245C654824C0595800D480C4 /* timerPageTVC.swift in Sources */,
				24AF73D824B17D0400B7360D /* SceneDelegate.swift in Sources */,
				2489D9782530BA6500DA96CF /* dayPageTableViewCell.swift in Sources */,
			);
			runOnlyForDeploymentPostprocessing = 0;
		};
/* End PBXSourcesBuildPhase section */

/* Begin PBXVariantGroup section */
		24AF73DB24B17D0400B7360D /* Main.storyboard */ = {
			isa = PBXVariantGroup;
			children = (
				24AF73DC24B17D0400B7360D /* Base */,
			);
			name = Main.storyboard;
			sourceTree = "<group>";
		};
		24AF73E324B17D0500B7360D /* LaunchScreen.storyboard */ = {
			isa = PBXVariantGroup;
			children = (
				24AF73E424B17D0500B7360D /* Base */,
			);
			name = LaunchScreen.storyboard;
			sourceTree = "<group>";
		};
/* End PBXVariantGroup section */

/* Begin XCBuildConfiguration section */
		24AF73E724B17D0500B7360D /* Debug */ = {
			isa = XCBuildConfiguration;
			buildSettings = {
				ALWAYS_SEARCH_USER_PATHS = NO;
				CLANG_ANALYZER_NONNULL = YES;
				CLANG_ANALYZER_NUMBER_OBJECT_CONVERSION = YES_AGGRESSIVE;
				CLANG_CXX_LANGUAGE_STANDARD = "gnu++14";
				CLANG_CXX_LIBRARY = "libc++";
				CLANG_ENABLE_MODULES = YES;
				CLANG_ENABLE_OBJC_ARC = YES;
				CLANG_ENABLE_OBJC_WEAK = YES;
				CLANG_WARN_BLOCK_CAPTURE_AUTORELEASING = YES;
				CLANG_WARN_BOOL_CONVERSION = YES;
				CLANG_WARN_COMMA = YES;
				CLANG_WARN_CONSTANT_CONVERSION = YES;
				CLANG_WARN_DEPRECATED_OBJC_IMPLEMENTATIONS = YES;
				CLANG_WARN_DIRECT_OBJC_ISA_USAGE = YES_ERROR;
				CLANG_WARN_DOCUMENTATION_COMMENTS = YES;
				CLANG_WARN_EMPTY_BODY = YES;
				CLANG_WARN_ENUM_CONVERSION = YES;
				CLANG_WARN_INFINITE_RECURSION = YES;
				CLANG_WARN_INT_CONVERSION = YES;
				CLANG_WARN_NON_LITERAL_NULL_CONVERSION = YES;
				CLANG_WARN_OBJC_IMPLICIT_RETAIN_SELF = YES;
				CLANG_WARN_OBJC_LITERAL_CONVERSION = YES;
				CLANG_WARN_OBJC_ROOT_CLASS = YES_ERROR;
				CLANG_WARN_RANGE_LOOP_ANALYSIS = YES;
				CLANG_WARN_STRICT_PROTOTYPES = YES;
				CLANG_WARN_SUSPICIOUS_MOVE = YES;
				CLANG_WARN_UNGUARDED_AVAILABILITY = YES_AGGRESSIVE;
				CLANG_WARN_UNREACHABLE_CODE = YES;
				CLANG_WARN__DUPLICATE_METHOD_MATCH = YES;
				COPY_PHASE_STRIP = NO;
				DEBUG_INFORMATION_FORMAT = dwarf;
				ENABLE_STRICT_OBJC_MSGSEND = YES;
				ENABLE_TESTABILITY = YES;
				GCC_C_LANGUAGE_STANDARD = gnu11;
				GCC_DYNAMIC_NO_PIC = NO;
				GCC_NO_COMMON_BLOCKS = YES;
				GCC_OPTIMIZATION_LEVEL = 0;
				GCC_PREPROCESSOR_DEFINITIONS = (
					"DEBUG=1",
					"$(inherited)",
				);
				GCC_WARN_64_TO_32_BIT_CONVERSION = YES;
				GCC_WARN_ABOUT_RETURN_TYPE = YES_ERROR;
				GCC_WARN_UNDECLARED_SELECTOR = YES;
				GCC_WARN_UNINITIALIZED_AUTOS = YES_AGGRESSIVE;
				GCC_WARN_UNUSED_FUNCTION = YES;
				GCC_WARN_UNUSED_VARIABLE = YES;
				IPHONEOS_DEPLOYMENT_TARGET = 13.2;
				MTL_ENABLE_DEBUG_INFO = INCLUDE_SOURCE;
				MTL_FAST_MATH = YES;
				ONLY_ACTIVE_ARCH = YES;
				SDKROOT = iphoneos;
				SWIFT_ACTIVE_COMPILATION_CONDITIONS = DEBUG;
				SWIFT_OPTIMIZATION_LEVEL = "-Onone";
			};
			name = Debug;
		};
		24AF73E824B17D0500B7360D /* Release */ = {
			isa = XCBuildConfiguration;
			buildSettings = {
				ALWAYS_SEARCH_USER_PATHS = NO;
				CLANG_ANALYZER_NONNULL = YES;
				CLANG_ANALYZER_NUMBER_OBJECT_CONVERSION = YES_AGGRESSIVE;
				CLANG_CXX_LANGUAGE_STANDARD = "gnu++14";
				CLANG_CXX_LIBRARY = "libc++";
				CLANG_ENABLE_MODULES = YES;
				CLANG_ENABLE_OBJC_ARC = YES;
				CLANG_ENABLE_OBJC_WEAK = YES;
				CLANG_WARN_BLOCK_CAPTURE_AUTORELEASING = YES;
				CLANG_WARN_BOOL_CONVERSION = YES;
				CLANG_WARN_COMMA = YES;
				CLANG_WARN_CONSTANT_CONVERSION = YES;
				CLANG_WARN_DEPRECATED_OBJC_IMPLEMENTATIONS = YES;
				CLANG_WARN_DIRECT_OBJC_ISA_USAGE = YES_ERROR;
				CLANG_WARN_DOCUMENTATION_COMMENTS = YES;
				CLANG_WARN_EMPTY_BODY = YES;
				CLANG_WARN_ENUM_CONVERSION = YES;
				CLANG_WARN_INFINITE_RECURSION = YES;
				CLANG_WARN_INT_CONVERSION = YES;
				CLANG_WARN_NON_LITERAL_NULL_CONVERSION = YES;
				CLANG_WARN_OBJC_IMPLICIT_RETAIN_SELF = YES;
				CLANG_WARN_OBJC_LITERAL_CONVERSION = YES;
				CLANG_WARN_OBJC_ROOT_CLASS = YES_ERROR;
				CLANG_WARN_RANGE_LOOP_ANALYSIS = YES;
				CLANG_WARN_STRICT_PROTOTYPES = YES;
				CLANG_WARN_SUSPICIOUS_MOVE = YES;
				CLANG_WARN_UNGUARDED_AVAILABILITY = YES_AGGRESSIVE;
				CLANG_WARN_UNREACHABLE_CODE = YES;
				CLANG_WARN__DUPLICATE_METHOD_MATCH = YES;
				COPY_PHASE_STRIP = NO;
				DEBUG_INFORMATION_FORMAT = "dwarf-with-dsym";
				ENABLE_NS_ASSERTIONS = NO;
				ENABLE_STRICT_OBJC_MSGSEND = YES;
				GCC_C_LANGUAGE_STANDARD = gnu11;
				GCC_NO_COMMON_BLOCKS = YES;
				GCC_WARN_64_TO_32_BIT_CONVERSION = YES;
				GCC_WARN_ABOUT_RETURN_TYPE = YES_ERROR;
				GCC_WARN_UNDECLARED_SELECTOR = YES;
				GCC_WARN_UNINITIALIZED_AUTOS = YES_AGGRESSIVE;
				GCC_WARN_UNUSED_FUNCTION = YES;
				GCC_WARN_UNUSED_VARIABLE = YES;
				IPHONEOS_DEPLOYMENT_TARGET = 13.2;
				MTL_ENABLE_DEBUG_INFO = NO;
				MTL_FAST_MATH = YES;
				SDKROOT = iphoneos;
				SWIFT_COMPILATION_MODE = wholemodule;
				SWIFT_OPTIMIZATION_LEVEL = "-O";
				VALIDATE_PRODUCT = YES;
			};
			name = Release;
		};
		24AF73EA24B17D0500B7360D /* Debug */ = {
			isa = XCBuildConfiguration;
			buildSettings = {
				ASSETCATALOG_COMPILER_APPICON_NAME = AppIcon;
				CODE_SIGN_STYLE = Automatic;
				DEVELOPMENT_TEAM = H786VSWB8F;
				INFOPLIST_FILE = "LIFE MARK/Info.plist";
				LD_RUNPATH_SEARCH_PATHS = (
					"$(inherited)",
					"@executable_path/Frameworks",
				);
				PRODUCT_BUNDLE_IDENTIFIER = "Steven-QI.LIFE-MARK";
				PRODUCT_NAME = "$(TARGET_NAME)";
				SWIFT_VERSION = 5.0;
				TARGETED_DEVICE_FAMILY = "1,2";
			};
			name = Debug;
		};
		24AF73EB24B17D0500B7360D /* Release */ = {
			isa = XCBuildConfiguration;
			buildSettings = {
				ASSETCATALOG_COMPILER_APPICON_NAME = AppIcon;
				CODE_SIGN_STYLE = Automatic;
				DEVELOPMENT_TEAM = H786VSWB8F;
				INFOPLIST_FILE = "LIFE MARK/Info.plist";
				LD_RUNPATH_SEARCH_PATHS = (
					"$(inherited)",
					"@executable_path/Frameworks",
				);
				PRODUCT_BUNDLE_IDENTIFIER = "Steven-QI.LIFE-MARK";
				PRODUCT_NAME = "$(TARGET_NAME)";
				SWIFT_VERSION = 5.0;
				TARGETED_DEVICE_FAMILY = "1,2";
			};
			name = Release;
		};
/* End XCBuildConfiguration section */

/* Begin XCConfigurationList section */
		24AF73CD24B17D0400B7360D /* Build configuration list for PBXProject "LIFE MARK" */ = {
			isa = XCConfigurationList;
			buildConfigurations = (
				24AF73E724B17D0500B7360D /* Debug */,
				24AF73E824B17D0500B7360D /* Release */,
			);
			defaultConfigurationIsVisible = 0;
			defaultConfigurationName = Release;
		};
		24AF73E924B17D0500B7360D /* Build configuration list for PBXNativeTarget "LIFE MARK" */ = {
			isa = XCConfigurationList;
			buildConfigurations = (
				24AF73EA24B17D0500B7360D /* Debug */,
				24AF73EB24B17D0500B7360D /* Release */,
			);
			defaultConfigurationIsVisible = 0;
			defaultConfigurationName = Release;
		};
/* End XCConfigurationList section */

/* Begin XCVersionGroup section */
		24AF73DE24B17D0400B7360D /* LIFE_MARK.xcdatamodeld */ = {
			isa = XCVersionGroup;
			children = (
				24AF73DF24B17D0400B7360D /* LIFE_MARK.xcdatamodel */,
			);
			currentVersion = 24AF73DF24B17D0400B7360D /* LIFE_MARK.xcdatamodel */;
			path = LIFE_MARK.xcdatamodeld;
			sourceTree = "<group>";
			versionGroupType = wrapper.xcdatamodel;
		};
/* End XCVersionGroup section */
	};
	rootObject = 24AF73CA24B17D0400B7360D /* Project object */;
}
